dependencies:
  d3-axis: 1.0.12
  d3-scale: 3.2.1
  d3-selection: 1.4.2
  d3-transition: 1.3.2
  elastic-svg: 0.1.0
lockfileVersion: 5.1
packages:
  /d3-array/2.5.1:
    dev: false
    resolution:
      integrity: sha512-cKvAlQZUKhXInw5mosJMtAYsY3dDYwTess/WOFUQTGcr8xV04SZMJs6n6QznsqZC5vJTkvZuCgsH9fo981ysPA==
  /d3-axis/1.0.12:
    dev: false
    resolution:
      integrity: sha512-ejINPfPSNdGFKEOAtnBtdkpr24c4d4jsei6Lg98mxf424ivoDP2956/5HDpIAtmHo85lqT4pruy+zEgvRUBqaQ==
  /d3-color/1.4.0:
    dev: false
    resolution:
      integrity: sha512-TzNPeJy2+iEepfiL92LAAB7fvnp/dV2YwANPVHdDWmYMm23qIJBYww3qT8I8C1wXrmrg4UWs7BKc2tKIgyjzHg==
  /d3-color/1.4.1:
    dev: false
    resolution:
      integrity: sha512-p2sTHSLCJI2QKunbGb7ocOh7DgTAn8IrLx21QRc/BSnodXM4sv6aLQlnfpvehFMLZEfBc6g9pH9SWQccFYfJ9Q==
  /d3-dispatch/1.0.5:
    dev: false
    resolution:
      integrity: sha512-vwKx+lAqB1UuCeklr6Jh1bvC4SZgbSqbkGBLClItFBIYH4vqDJCA7qfoy14lXmJdnBOdxndAMxjCbImJYW7e6g==
  /d3-ease/1.0.5:
    dev: false
    resolution:
      integrity: sha512-Ct1O//ly5y5lFM9YTdu+ygq7LleSgSE4oj7vUt9tPLHUi8VCV7QoizGpdWRWAwCO9LdYzIrQDg97+hGVdsSGPQ==
  /d3-format/1.4.5:
    dev: false
    resolution:
      integrity: sha512-J0piedu6Z8iB6TbIGfZgDzfXxUFN3qQRMofy2oPdXzQibYGqPB/9iMcxr/TGalU+2RsyDO+U4f33id8tbnSRMQ==
  /d3-interpolate/1.3.2:
    dependencies:
      d3-color: 1.4.0
    dev: false
    resolution:
      integrity: sha512-NlNKGopqaz9qM1PXh9gBF1KSCVh+jSFErrSlD/4hybwoNX/gt1d8CDbDW+3i+5UOHhjC6s6nMvRxcuoMVNgL2w==
  /d3-interpolate/1.4.0:
    dependencies:
      d3-color: 1.4.1
    dev: false
    resolution:
      integrity: sha512-V9znK0zc3jOPV4VD2zZn0sDhZU3WAE2bmlxdIwwQPPzPjvyLkd8B3JUVdS1IDUFDkWZ72c9qnv1GK2ZagTZ8EA==
  /d3-scale/3.2.1:
    dependencies:
      d3-array: 2.5.1
      d3-format: 1.4.5
      d3-interpolate: 1.4.0
      d3-time: 1.1.0
      d3-time-format: 2.3.0
    dev: false
    resolution:
      integrity: sha512-huz5byJO/6MPpz6Q8d4lg7GgSpTjIZW/l+1MQkzKfu2u8P6hjaXaStOpmyrD6ymKoW87d2QVFCKvSjLwjzx/rA==
  /d3-selection/1.4.1:
    dev: false
    resolution:
      integrity: sha512-BTIbRjv/m5rcVTfBs4AMBLKs4x8XaaLkwm28KWu9S2vKNqXkXt2AH2Qf0sdPZHjFxcWg/YL53zcqAz+3g4/7PA==
  /d3-selection/1.4.2:
    dev: false
    resolution:
      integrity: sha512-SJ0BqYihzOjDnnlfyeHT0e30k0K1+5sR3d5fNueCNeuhZTnGw4M4o8mqJchSwgKMXCNFo+e2VTChiSJ0vYtXkg==
  /d3-time-format/2.3.0:
    dependencies:
      d3-time: 1.1.0
    dev: false
    resolution:
      integrity: sha512-guv6b2H37s2Uq/GefleCDtbe0XZAuy7Wa49VGkPVPMfLL9qObgBST3lEHJBMUp8S7NdLQAGIvr2KXk8Hc98iKQ==
  /d3-time/1.1.0:
    dev: false
    resolution:
      integrity: sha512-Xh0isrZ5rPYYdqhAVk8VLnMEidhz5aP7htAADH6MfzgmmicPkTo8LhkLxci61/lCB7n7UmE3bN0leRt+qvkLxA==
  /d3-timer/1.0.9:
    dev: false
    resolution:
      integrity: sha512-rT34J5HnQUHhcLvhSB9GjCkN0Ddd5Y8nCwDBG2u6wQEeYxT/Lf51fTFFkldeib/sE/J0clIe0pnCfs6g/lRbyg==
  /d3-transition/1.3.2:
    dependencies:
      d3-color: 1.4.0
      d3-dispatch: 1.0.5
      d3-ease: 1.0.5
      d3-interpolate: 1.3.2
      d3-selection: 1.4.1
      d3-timer: 1.0.9
    dev: false
    resolution:
      integrity: sha512-sc0gRU4PFqZ47lPVHloMn9tlPcv8jxgOQg+0zjhfZXMQuvppjG6YuwdMBE0TuqCZjeJkLecku/l9R0JPcRhaDA==
  /elastic-svg/0.1.0:
    dev: false
    resolution:
      integrity: sha512-35w9ZYl4zGasBMX42WLVFeywOLLhawuIb2NHGK1FrTvqsoEJG6Yo5dmMAb8AhjN8sWdo7SQwGn7dFjwgF01gWA==
specifiers:
  d3-axis: ^1.0.12
  d3-scale: ^3.2.1
  d3-selection: ^1.4.2
  d3-transition: ^1.3.2
  elastic-svg: ^0.1.0
