dependencies:
  d3-axis: 1.0.12
  d3-scale: 3.0.0
  d3-selection: 1.4.0
  d3-transition: 1.2.0
  elastic-svg: 0.0.9
lockfileVersion: 5.1
packages:
  /d3-array/2.2.0:
    dev: false
    resolution:
      integrity: sha512-eE0QmSh6xToqM3sxHiJYg/QFdNn52ZEgmFE8A8abU8GsHvsIOolqH8B70/8+VGAKm5MlwaExhqR3DLIjOJMLPA==
  /d3-axis/1.0.12:
    dev: false
    resolution:
      integrity: sha512-ejINPfPSNdGFKEOAtnBtdkpr24c4d4jsei6Lg98mxf424ivoDP2956/5HDpIAtmHo85lqT4pruy+zEgvRUBqaQ==
  /d3-color/1.2.8:
    dev: false
    resolution:
      integrity: sha512-yeANXzP37PHk0DbSTMNPhnJD+Nn4G//O5E825bR6fAfHH43hobSBpgB9G9oWVl9+XgUaQ4yCnsX1H+l8DoaL9A==
  /d3-dispatch/1.0.5:
    dev: false
    resolution:
      integrity: sha512-vwKx+lAqB1UuCeklr6Jh1bvC4SZgbSqbkGBLClItFBIYH4vqDJCA7qfoy14lXmJdnBOdxndAMxjCbImJYW7e6g==
  /d3-ease/1.0.5:
    dev: false
    resolution:
      integrity: sha512-Ct1O//ly5y5lFM9YTdu+ygq7LleSgSE4oj7vUt9tPLHUi8VCV7QoizGpdWRWAwCO9LdYzIrQDg97+hGVdsSGPQ==
  /d3-format/1.3.2:
    dev: false
    resolution:
      integrity: sha512-Z18Dprj96ExragQ0DeGi+SYPQ7pPfRMtUXtsg/ChVIKNBCzjO8XYJvRTC1usblx52lqge56V5ect+frYTQc8WQ==
  /d3-interpolate/1.3.2:
    dependencies:
      d3-color: 1.2.8
    dev: false
    resolution:
      integrity: sha512-NlNKGopqaz9qM1PXh9gBF1KSCVh+jSFErrSlD/4hybwoNX/gt1d8CDbDW+3i+5UOHhjC6s6nMvRxcuoMVNgL2w==
  /d3-scale/3.0.0:
    dependencies:
      d3-array: 2.2.0
      d3-format: 1.3.2
      d3-interpolate: 1.3.2
      d3-time: 1.0.11
      d3-time-format: 2.1.3
    dev: false
    resolution:
      integrity: sha512-ktic5HBFlAZj2CN8CCl/p/JyY8bMQluN7+fA6ICE6yyoMOnSQAZ1Bb8/5LcNpNKMBMJge+5Vv4pWJhARYlQYFw==
  /d3-selection/1.4.0:
    dev: false
    resolution:
      integrity: sha512-EYVwBxQGEjLCKF2pJ4+yrErskDnz5v403qvAid96cNdCMr8rmCYfY5RGzWz24mdIbxmDf6/4EAH+K9xperD5jg==
  /d3-time-format/2.1.3:
    dependencies:
      d3-time: 1.0.11
    dev: false
    resolution:
      integrity: sha512-6k0a2rZryzGm5Ihx+aFMuO1GgelgIz+7HhB4PH4OEndD5q2zGn1mDfRdNrulspOfR6JXkb2sThhDK41CSK85QA==
  /d3-time/1.0.11:
    dev: false
    resolution:
      integrity: sha512-Z3wpvhPLW4vEScGeIMUckDW7+3hWKOQfAWg/U7PlWBnQmeKQ00gCUsTtWSYulrKNA7ta8hJ+xXc6MHrMuITwEw==
  /d3-timer/1.0.9:
    dev: false
    resolution:
      integrity: sha512-rT34J5HnQUHhcLvhSB9GjCkN0Ddd5Y8nCwDBG2u6wQEeYxT/Lf51fTFFkldeib/sE/J0clIe0pnCfs6g/lRbyg==
  /d3-transition/1.2.0:
    dependencies:
      d3-color: 1.2.8
      d3-dispatch: 1.0.5
      d3-ease: 1.0.5
      d3-interpolate: 1.3.2
      d3-selection: 1.4.0
      d3-timer: 1.0.9
    dev: false
    resolution:
      integrity: sha512-VJ7cmX/FPIPJYuaL2r1o1EMHLttvoIuZhhuAlRoOxDzogV8iQS6jYulDm3xEU3TqL80IZIhI551/ebmCMrkvhw==
  /elastic-svg/0.0.9:
    dev: false
    resolution:
      integrity: sha512-BYYGM25VH3N4VmFw6YxGClGp0sTbqOLTyGXJFU55Zuiehmf1xPdt8qGCncVhk5qxWOE98PqhLuDs3c4FSEM8zw==
specifiers:
  d3-axis: ^1.0.12
  d3-scale: ^3.0.0
  d3-selection: ^1.4.0
  d3-transition: ^1.2.0
  elastic-svg: ^0.0.9
