dependencies:
  d3: 5.9.7
  elastic-svg: 0.0.9
lockfileVersion: 5.1
packages:
  /commander/2.20.0:
    dev: false
    resolution:
      integrity: sha512-7j2y+40w61zy6YC2iRNpUe/NwhNyoXrYpHMrSunaMG64nRnaf96zO/KMQR4OyN/UnE5KLyEBnKHd4aG3rskjpQ==
  /d3-array/1.2.4:
    dev: false
    resolution:
      integrity: sha512-KHW6M86R+FUPYGb3R5XiYjXPq7VzwxZ22buHhAEVG5ztoEcZZMLov530mmccaqA1GghZArjQV46fuc8kUqhhHw==
  /d3-axis/1.0.12:
    dev: false
    resolution:
      integrity: sha512-ejINPfPSNdGFKEOAtnBtdkpr24c4d4jsei6Lg98mxf424ivoDP2956/5HDpIAtmHo85lqT4pruy+zEgvRUBqaQ==
  /d3-brush/1.0.6:
    dependencies:
      d3-dispatch: 1.0.5
      d3-drag: 1.2.3
      d3-interpolate: 1.3.2
      d3-selection: 1.4.0
      d3-transition: 1.2.0
    dev: false
    resolution:
      integrity: sha512-lGSiF5SoSqO5/mYGD5FAeGKKS62JdA1EV7HPrU2b5rTX4qEJJtpjaGLJngjnkewQy7UnGstnFd3168wpf5z76w==
  /d3-chord/1.0.6:
    dependencies:
      d3-array: 1.2.4
      d3-path: 1.0.7
    dev: false
    resolution:
      integrity: sha512-JXA2Dro1Fxw9rJe33Uv+Ckr5IrAa74TlfDEhE/jfLOaXegMQFQTAgAw9WnZL8+HxVBRXaRGCkrNU7pJeylRIuA==
  /d3-collection/1.0.7:
    dev: false
    resolution:
      integrity: sha512-ii0/r5f4sjKNTfh84Di+DpztYwqKhEyUlKoPrzUFfeSkWxjW49xU2QzO9qrPrNkpdI0XJkfzvmTu8V2Zylln6A==
  /d3-color/1.2.8:
    dev: false
    resolution:
      integrity: sha512-yeANXzP37PHk0DbSTMNPhnJD+Nn4G//O5E825bR6fAfHH43hobSBpgB9G9oWVl9+XgUaQ4yCnsX1H+l8DoaL9A==
  /d3-contour/1.3.2:
    dependencies:
      d3-array: 1.2.4
    dev: false
    resolution:
      integrity: sha512-hoPp4K/rJCu0ladiH6zmJUEz6+u3lgR+GSm/QdM2BBvDraU39Vr7YdDCicJcxP1z8i9B/2dJLgDC1NcvlF8WCg==
  /d3-dispatch/1.0.5:
    dev: false
    resolution:
      integrity: sha512-vwKx+lAqB1UuCeklr6Jh1bvC4SZgbSqbkGBLClItFBIYH4vqDJCA7qfoy14lXmJdnBOdxndAMxjCbImJYW7e6g==
  /d3-drag/1.2.3:
    dependencies:
      d3-dispatch: 1.0.5
      d3-selection: 1.4.0
    dev: false
    resolution:
      integrity: sha512-8S3HWCAg+ilzjJsNtWW1Mutl74Nmzhb9yU6igspilaJzeZVFktmY6oO9xOh5TDk+BM2KrNFjttZNoJJmDnkjkg==
  /d3-dsv/1.1.1:
    dependencies:
      commander: 2.20.0
      iconv-lite: 0.4.24
      rw: 1.3.3
    dev: false
    hasBin: true
    resolution:
      integrity: sha512-1EH1oRGSkeDUlDRbhsFytAXU6cAmXFzc52YUe6MRlPClmWb85MP1J5x+YJRzya4ynZWnbELdSAvATFW/MbxaXw==
  /d3-ease/1.0.5:
    dev: false
    resolution:
      integrity: sha512-Ct1O//ly5y5lFM9YTdu+ygq7LleSgSE4oj7vUt9tPLHUi8VCV7QoizGpdWRWAwCO9LdYzIrQDg97+hGVdsSGPQ==
  /d3-fetch/1.1.2:
    dependencies:
      d3-dsv: 1.1.1
    dev: false
    resolution:
      integrity: sha512-S2loaQCV/ZeyTyIF2oP8D1K9Z4QizUzW7cWeAOAS4U88qOt3Ucf6GsmgthuYSdyB2HyEm4CeGvkQxWsmInsIVA==
  /d3-force/1.2.1:
    dependencies:
      d3-collection: 1.0.7
      d3-dispatch: 1.0.5
      d3-quadtree: 1.0.6
      d3-timer: 1.0.9
    dev: false
    resolution:
      integrity: sha512-HHvehyaiUlVo5CxBJ0yF/xny4xoaxFxDnBXNvNcfW9adORGZfyNF1dj6DGLKyk4Yh3brP/1h3rnDzdIAwL08zg==
  /d3-format/1.3.2:
    dev: false
    resolution:
      integrity: sha512-Z18Dprj96ExragQ0DeGi+SYPQ7pPfRMtUXtsg/ChVIKNBCzjO8XYJvRTC1usblx52lqge56V5ect+frYTQc8WQ==
  /d3-geo/1.11.6:
    dependencies:
      d3-array: 1.2.4
    dev: false
    resolution:
      integrity: sha512-z0J8InXR9e9wcgNtmVnPTj0TU8nhYT6lD/ak9may2PdKqXIeHUr8UbFLoCtrPYNsjv6YaLvSDQVl578k6nm7GA==
  /d3-hierarchy/1.1.8:
    dev: false
    resolution:
      integrity: sha512-L+GHMSZNwTpiq4rt9GEsNcpLa4M96lXMR8M/nMG9p5hBE0jy6C+3hWtyZMenPQdwla249iJy7Nx0uKt3n+u9+w==
  /d3-interpolate/1.3.2:
    dependencies:
      d3-color: 1.2.8
    dev: false
    resolution:
      integrity: sha512-NlNKGopqaz9qM1PXh9gBF1KSCVh+jSFErrSlD/4hybwoNX/gt1d8CDbDW+3i+5UOHhjC6s6nMvRxcuoMVNgL2w==
  /d3-path/1.0.7:
    dev: false
    resolution:
      integrity: sha512-q0cW1RpvA5c5ma2rch62mX8AYaiLX0+bdaSM2wxSU9tXjU4DNvkx9qiUvjkuWCj3p22UO/hlPivujqMiR9PDzA==
  /d3-polygon/1.0.5:
    dev: false
    resolution:
      integrity: sha512-RHhh1ZUJZfhgoqzWWuRhzQJvO7LavchhitSTHGu9oj6uuLFzYZVeBzaWTQ2qSO6bz2w55RMoOCf0MsLCDB6e0w==
  /d3-quadtree/1.0.6:
    dev: false
    resolution:
      integrity: sha512-NUgeo9G+ENQCQ1LsRr2qJg3MQ4DJvxcDNCiohdJGHt5gRhBW6orIB5m5FJ9kK3HNL8g9F4ERVoBzcEwQBfXWVA==
  /d3-random/1.1.2:
    dev: false
    resolution:
      integrity: sha512-6AK5BNpIFqP+cx/sreKzNjWbwZQCSUatxq+pPRmFIQaWuoD+NrbVWw7YWpHiXpCQ/NanKdtGDuB+VQcZDaEmYQ==
  /d3-scale-chromatic/1.3.3:
    dependencies:
      d3-color: 1.2.8
      d3-interpolate: 1.3.2
    dev: false
    resolution:
      integrity: sha512-BWTipif1CimXcYfT02LKjAyItX5gKiwxuPRgr4xM58JwlLocWbjPLI7aMEjkcoOQXMkYsmNsvv3d2yl/OKuHHw==
  /d3-scale/2.2.2:
    dependencies:
      d3-array: 1.2.4
      d3-collection: 1.0.7
      d3-format: 1.3.2
      d3-interpolate: 1.3.2
      d3-time: 1.0.11
      d3-time-format: 2.1.3
    dev: false
    resolution:
      integrity: sha512-LbeEvGgIb8UMcAa0EATLNX0lelKWGYDQiPdHj+gLblGVhGLyNbaCn3EvrJf0A3Y/uOOU5aD6MTh5ZFCdEwGiCw==
  /d3-selection/1.4.0:
    dev: false
    resolution:
      integrity: sha512-EYVwBxQGEjLCKF2pJ4+yrErskDnz5v403qvAid96cNdCMr8rmCYfY5RGzWz24mdIbxmDf6/4EAH+K9xperD5jg==
  /d3-shape/1.3.5:
    dependencies:
      d3-path: 1.0.7
    dev: false
    resolution:
      integrity: sha512-VKazVR3phgD+MUCldapHD7P9kcrvPcexeX/PkMJmkUov4JM8IxsSg1DvbYoYich9AtdTsa5nNk2++ImPiDiSxg==
  /d3-time-format/2.1.3:
    dependencies:
      d3-time: 1.0.11
    dev: false
    resolution:
      integrity: sha512-6k0a2rZryzGm5Ihx+aFMuO1GgelgIz+7HhB4PH4OEndD5q2zGn1mDfRdNrulspOfR6JXkb2sThhDK41CSK85QA==
  /d3-time/1.0.11:
    dev: false
    resolution:
      integrity: sha512-Z3wpvhPLW4vEScGeIMUckDW7+3hWKOQfAWg/U7PlWBnQmeKQ00gCUsTtWSYulrKNA7ta8hJ+xXc6MHrMuITwEw==
  /d3-timer/1.0.9:
    dev: false
    resolution:
      integrity: sha512-rT34J5HnQUHhcLvhSB9GjCkN0Ddd5Y8nCwDBG2u6wQEeYxT/Lf51fTFFkldeib/sE/J0clIe0pnCfs6g/lRbyg==
  /d3-transition/1.2.0:
    dependencies:
      d3-color: 1.2.8
      d3-dispatch: 1.0.5
      d3-ease: 1.0.5
      d3-interpolate: 1.3.2
      d3-selection: 1.4.0
      d3-timer: 1.0.9
    dev: false
    resolution:
      integrity: sha512-VJ7cmX/FPIPJYuaL2r1o1EMHLttvoIuZhhuAlRoOxDzogV8iQS6jYulDm3xEU3TqL80IZIhI551/ebmCMrkvhw==
  /d3-voronoi/1.1.4:
    dev: false
    resolution:
      integrity: sha512-dArJ32hchFsrQ8uMiTBLq256MpnZjeuBtdHpaDlYuQyjU0CVzCJl/BVW+SkszaAeH95D/8gxqAhgx0ouAWAfRg==
  /d3-zoom/1.7.3:
    dependencies:
      d3-dispatch: 1.0.5
      d3-drag: 1.2.3
      d3-interpolate: 1.3.2
      d3-selection: 1.4.0
      d3-transition: 1.2.0
    dev: false
    resolution:
      integrity: sha512-xEBSwFx5Z9T3/VrwDkMt+mr0HCzv7XjpGURJ8lWmIC8wxe32L39eWHIasEe/e7Ox8MPU4p1hvH8PKN2olLzIBg==
  /d3/5.9.7:
    dependencies:
      d3-array: 1.2.4
      d3-axis: 1.0.12
      d3-brush: 1.0.6
      d3-chord: 1.0.6
      d3-collection: 1.0.7
      d3-color: 1.2.8
      d3-contour: 1.3.2
      d3-dispatch: 1.0.5
      d3-drag: 1.2.3
      d3-dsv: 1.1.1
      d3-ease: 1.0.5
      d3-fetch: 1.1.2
      d3-force: 1.2.1
      d3-format: 1.3.2
      d3-geo: 1.11.6
      d3-hierarchy: 1.1.8
      d3-interpolate: 1.3.2
      d3-path: 1.0.7
      d3-polygon: 1.0.5
      d3-quadtree: 1.0.6
      d3-random: 1.1.2
      d3-scale: 2.2.2
      d3-scale-chromatic: 1.3.3
      d3-selection: 1.4.0
      d3-shape: 1.3.5
      d3-time: 1.0.11
      d3-time-format: 2.1.3
      d3-timer: 1.0.9
      d3-transition: 1.2.0
      d3-voronoi: 1.1.4
      d3-zoom: 1.7.3
    dev: false
    resolution:
      integrity: sha512-jENytrmdXtGPw7HuSK2S4gxRM1eUGjKvWQkQ6ct4yK+DB8SG3VcnVrwesfnsv8rIcxMUg18TafT4Q8mOZUMP4Q==
  /elastic-svg/0.0.9:
    dev: false
    resolution:
      integrity: sha512-BYYGM25VH3N4VmFw6YxGClGp0sTbqOLTyGXJFU55Zuiehmf1xPdt8qGCncVhk5qxWOE98PqhLuDs3c4FSEM8zw==
  /iconv-lite/0.4.24:
    dependencies:
      safer-buffer: 2.1.2
    dev: false
    engines:
      node: '>=0.10.0'
    resolution:
      integrity: sha512-v3MXnZAcvnywkTUEZomIActle7RXXeedOR31wwl7VlyoXO4Qi9arvSenNQWne1TcRwhCL1HwLI21bEqdpj8/rA==
  /rw/1.3.3:
    dev: false
    resolution:
      integrity: sha1-P4Yt+pGrdmsUiF700BEkv9oHT7Q=
  /safer-buffer/2.1.2:
    dev: false
    resolution:
      integrity: sha512-YZo3K82SD7Riyi0E1EQPojLz7kpepnSQI9IyPbHHg1XXXevb5dJI7tpyN2ADxGcQbHG7vcyRHk0cbwqcQriUtg==
specifiers:
  d3: ^5.9.7
  elastic-svg: ^0.0.9
